
Microsoft Visual Studio Solution File, Format Version 12.00
# Visual Studio 2013
VisualStudioVersion = 12.0.31101.0
MinimumVisualStudioVersion = 10.0.40219.1
Project("{FAE04EC0-301F-11D3-BF4B-00C04F79EFBC}") = "RolsynSyntaxTreeAnalyzer", "RolsynSyntaxTreeAnalyzer\RolsynSyntaxTreeAnalyzer.csproj", "{423524EC-4556-45C8-9B84-992C81D40152}"
EndProject
Project("{FAE04EC0-301F-11D3-BF4B-00C04F79EFBC}") = "SyntaxTreeAnalyzer", "SyntaxTreeAnalyzer\SyntaxTreeAnalyzer.csproj", "{CA71865C-DE92-49FC-8AD4-02A22D5BFFAF}"
EndProject
Project("{FAE04EC0-301F-11D3-BF4B-00C04F79EFBC}") = "DumbProject", "DumbProject\DumbProject.csproj", "{561708A9-F603-432C-A177-81F1992B9FD1}"
EndProject
Global
	GlobalSection(SolutionConfigurationPlatforms) = preSolution
		Debug|Any CPU = Debug|Any CPU
		Debug|Mixed Platforms = Debug|Mixed Platforms
		Debug|x86 = Debug|x86
		Release|Any CPU = Release|Any CPU
		Release|Mixed Platforms = Release|Mixed Platforms
		Release|x86 = Release|x86
	EndGlobalSection
	GlobalSection(ProjectConfigurationPlatforms) = postSolution
		{423524EC-4556-45C8-9B84-992C81D40152}.Debug|Any CPU.ActiveCfg = Debug|Any CPU
		{423524EC-4556-45C8-9B84-992C81D40152}.Debug|Any CPU.Build.0 = Debug|Any CPU
		{423524EC-4556-45C8-9B84-992C81D40152}.Debug|Mixed Platforms.ActiveCfg = Debug|Any CPU
		{423524EC-4556-45C8-9B84-992C81D40152}.Debug|Mixed Platforms.Build.0 = Debug|Any CPU
		{423524EC-4556-45C8-9B84-992C81D40152}.Debug|x86.ActiveCfg = Debug|Any CPU
		{423524EC-4556-45C8-9B84-992C81D40152}.Release|Any CPU.ActiveCfg = Release|Any CPU
		{423524EC-4556-45C8-9B84-992C81D40152}.Release|Any CPU.Build.0 = Release|Any CPU
		{423524EC-4556-45C8-9B84-992C81D40152}.Release|Mixed Platforms.ActiveCfg = Release|Any CPU
		{423524EC-4556-45C8-9B84-992C81D40152}.Release|Mixed Platforms.Build.0 = Release|Any CPU
		{423524EC-4556-45C8-9B84-992C81D40152}.Release|x86.ActiveCfg = Release|Any CPU
		{CA71865C-DE92-49FC-8AD4-02A22D5BFFAF}.Debug|Any CPU.ActiveCfg = Debug|x86
		{CA71865C-DE92-49FC-8AD4-02A22D5BFFAF}.Debug|Mixed Platforms.ActiveCfg = Debug|x86
		{CA71865C-DE92-49FC-8AD4-02A22D5BFFAF}.Debug|Mixed Platforms.Build.0 = Debug|x86
		{CA71865C-DE92-49FC-8AD4-02A22D5BFFAF}.Debug|x86.ActiveCfg = Debug|x86
		{CA71865C-DE92-49FC-8AD4-02A22D5BFFAF}.Debug|x86.Build.0 = Debug|x86
		{CA71865C-DE92-49FC-8AD4-02A22D5BFFAF}.Release|Any CPU.ActiveCfg = Release|x86
		{CA71865C-DE92-49FC-8AD4-02A22D5BFFAF}.Release|Mixed Platforms.ActiveCfg = Release|x86
		{CA71865C-DE92-49FC-8AD4-02A22D5BFFAF}.Release|Mixed Platforms.Build.0 = Release|x86
		{CA71865C-DE92-49FC-8AD4-02A22D5BFFAF}.Release|x86.ActiveCfg = Release|x86
		{CA71865C-DE92-49FC-8AD4-02A22D5BFFAF}.Release|x86.Build.0 = Release|x86
		{561708A9-F603-432C-A177-81F1992B9FD1}.Debug|Any CPU.ActiveCfg = Debug|Any CPU
		{561708A9-F603-432C-A177-81F1992B9FD1}.Debug|Any CPU.Build.0 = Debug|Any CPU
		{561708A9-F603-432C-A177-81F1992B9FD1}.Debug|Mixed Platforms.ActiveCfg = Debug|Any CPU
		{561708A9-F603-432C-A177-81F1992B9FD1}.Debug|Mixed Platforms.Build.0 = Debug|Any CPU
		{561708A9-F603-432C-A177-81F1992B9FD1}.Debug|x86.ActiveCfg = Debug|Any CPU
		{561708A9-F603-432C-A177-81F1992B9FD1}.Release|Any CPU.ActiveCfg = Release|Any CPU
		{561708A9-F603-432C-A177-81F1992B9FD1}.Release|Any CPU.Build.0 = Release|Any CPU
		{561708A9-F603-432C-A177-81F1992B9FD1}.Release|Mixed Platforms.ActiveCfg = Release|Any CPU
		{561708A9-F603-432C-A177-81F1992B9FD1}.Release|Mixed Platforms.Build.0 = Release|Any CPU
		{561708A9-F603-432C-A177-81F1992B9FD1}.Release|x86.ActiveCfg = Release|Any CPU
	EndGlobalSection
	GlobalSection(SolutionProperties) = preSolution
		HideSolutionNode = FALSE
	EndGlobalSection
EndGlobal
